// !$*UTF8*$!
{
	archiveVersion = 1;
	classes = {
	};
	objectVersion = 46;
	objects = {

/* Begin PBXBuildFile section */
		20D4794D9188D8884B561540 /* libPods-GONMarkupParserSample.a in Frameworks */ = {isa = PBXBuildFile; fileRef = F7C1214976BA74367A8836F5 /* libPods-GONMarkupParserSample.a */; };
		5C404BCC1A1C9115007DCB2C /* DefaultConfigurationViewController.m in Sources */ = {isa = PBXBuildFile; fileRef = 5C404BCB1A1C9115007DCB2C /* DefaultConfigurationViewController.m */; };
		5C404BD01A1C951F007DCB2C /* DefaultConfigurationViewController.xib in Resources */ = {isa = PBXBuildFile; fileRef = 5C404BCF1A1C951F007DCB2C /* DefaultConfigurationViewController.xib */; };
		5C4241B91C89995A00E5B289 /* lama.png in Resources */ = {isa = PBXBuildFile; fileRef = 5C4241B81C89995A00E5B289 /* lama.png */; };
		5C65F3F11A112231005A76A3 /* samples.plist in Resources */ = {isa = PBXBuildFile; fileRef = 5C65F3F01A112231005A76A3 /* samples.plist */; };
		5C65F3F31A112EBE005A76A3 /* MainWindow.xib in Resources */ = {isa = PBXBuildFile; fileRef = 5C65F3F21A112EBE005A76A3 /* MainWindow.xib */; };
		5C65F3F81A112F3A005A76A3 /* RootViewController.m in Sources */ = {isa = PBXBuildFile; fileRef = 5C65F3F61A112F3A005A76A3 /* RootViewController.m */; };
		5C65F3F91A112F3A005A76A3 /* RootViewController.xib in Resources */ = {isa = PBXBuildFile; fileRef = 5C65F3F71A112F3A005A76A3 /* RootViewController.xib */; };
		5C65F3FE1A1133F8005A76A3 /* SampleViewController.m in Sources */ = {isa = PBXBuildFile; fileRef = 5C65F3FC1A1133F8005A76A3 /* SampleViewController.m */; };
		5C65F3FF1A1133F8005A76A3 /* SampleViewController.xib in Resources */ = {isa = PBXBuildFile; fileRef = 5C65F3FD1A1133F8005A76A3 /* SampleViewController.xib */; };
		5C65F4041A1139CD005A76A3 /* PlaygroundViewController.m in Sources */ = {isa = PBXBuildFile; fileRef = 5C65F4021A1139CD005A76A3 /* PlaygroundViewController.m */; };
		5C65F4051A1139CD005A76A3 /* PlaygroundViewController.xib in Resources */ = {isa = PBXBuildFile; fileRef = 5C65F4031A1139CD005A76A3 /* PlaygroundViewController.xib */; };
		5C65F40B1A11FDB2005A76A3 /* ComplexExampleViewController.m in Sources */ = {isa = PBXBuildFile; fileRef = 5C65F40A1A11FDB2005A76A3 /* ComplexExampleViewController.m */; };
		5C65F40D1A11FFFE005A76A3 /* ComplexExampleViewController.xib in Resources */ = {isa = PBXBuildFile; fileRef = 5C65F40C1A11FFFE005A76A3 /* ComplexExampleViewController.xib */; };
		5CB1C580195B19C400590186 /* ResultViewController.m in Sources */ = {isa = PBXBuildFile; fileRef = 5CB1C57F195B19C400590186 /* ResultViewController.m */; };
		5CB1C591195B250A00590186 /* AppDelegate.m in Sources */ = {isa = PBXBuildFile; fileRef = 5CE27160195B11E0007FCF44 /* AppDelegate.m */; };
		5CB1C593195B250A00590186 /* ResultViewController.m in Sources */ = {isa = PBXBuildFile; fileRef = 5CB1C57F195B19C400590186 /* ResultViewController.m */; };
		5CB1C594195B250A00590186 /* main.m in Sources */ = {isa = PBXBuildFile; fileRef = 5CE2715C195B11E0007FCF44 /* main.m */; };
		5CB1C5A8195B3B7400590186 /* ComplexExample in Resources */ = {isa = PBXBuildFile; fileRef = 5CB1C5A7195B3B7400590186 /* ComplexExample */; };
		5CB1C5A9195B3B7400590186 /* ComplexExample in Resources */ = {isa = PBXBuildFile; fileRef = 5CB1C5A7195B3B7400590186 /* ComplexExample */; };
		5CD617E919828B2E0001C3D9 /* CoreText.framework in Frameworks */ = {isa = PBXBuildFile; fileRef = 5CD617E819828B2E0001C3D9 /* CoreText.framework */; };
		5CE27151195B11E0007FCF44 /* Foundation.framework in Frameworks */ = {isa = PBXBuildFile; fileRef = 5CE27150195B11E0007FCF44 /* Foundation.framework */; };
		5CE27153195B11E0007FCF44 /* CoreGraphics.framework in Frameworks */ = {isa = PBXBuildFile; fileRef = 5CE27152195B11E0007FCF44 /* CoreGraphics.framework */; };
		5CE27155195B11E0007FCF44 /* UIKit.framework in Frameworks */ = {isa = PBXBuildFile; fileRef = 5CE27154195B11E0007FCF44 /* UIKit.framework */; };
		5CE2715B195B11E0007FCF44 /* InfoPlist.strings in Resources */ = {isa = PBXBuildFile; fileRef = 5CE27159195B11E0007FCF44 /* InfoPlist.strings */; };
		5CE2715D195B11E0007FCF44 /* main.m in Sources */ = {isa = PBXBuildFile; fileRef = 5CE2715C195B11E0007FCF44 /* main.m */; };
		5CE27161195B11E0007FCF44 /* AppDelegate.m in Sources */ = {isa = PBXBuildFile; fileRef = 5CE27160195B11E0007FCF44 /* AppDelegate.m */; };
		5CE27169195B11E0007FCF44 /* Images.xcassets in Resources */ = {isa = PBXBuildFile; fileRef = 5CE27168195B11E0007FCF44 /* Images.xcassets */; };
		5CE27170195B11E0007FCF44 /* XCTest.framework in Frameworks */ = {isa = PBXBuildFile; fileRef = 5CE2716F195B11E0007FCF44 /* XCTest.framework */; };
		5CE27171195B11E0007FCF44 /* Foundation.framework in Frameworks */ = {isa = PBXBuildFile; fileRef = 5CE27150195B11E0007FCF44 /* Foundation.framework */; };
		5CE27172195B11E0007FCF44 /* UIKit.framework in Frameworks */ = {isa = PBXBuildFile; fileRef = 5CE27154195B11E0007FCF44 /* UIKit.framework */; };
		5CE2717A195B11E0007FCF44 /* InfoPlist.strings in Resources */ = {isa = PBXBuildFile; fileRef = 5CE27178195B11E0007FCF44 /* InfoPlist.strings */; };
		5CE2717C195B11E0007FCF44 /* GONMarkupParserSampleTests.m in Sources */ = {isa = PBXBuildFile; fileRef = 5CE2717B195B11E0007FCF44 /* GONMarkupParserSampleTests.m */; };
		742A85401DEBD1930058CB75 /* GONMarkup+Private.m in Sources */ = {isa = PBXBuildFile; fileRef = 742A84F21DEBD1930058CB75 /* GONMarkup+Private.m */; };
		742A85411DEBD1930058CB75 /* GONMarkup.m in Sources */ = {isa = PBXBuildFile; fileRef = 742A84F41DEBD1930058CB75 /* GONMarkup.m */; };
		742A85421DEBD1930058CB75 /* GONMarkupAlignment.m in Sources */ = {isa = PBXBuildFile; fileRef = 742A84F61DEBD1930058CB75 /* GONMarkupAlignment.m */; };
		742A85431DEBD1930058CB75 /* GONMarkupAnchor.m in Sources */ = {isa = PBXBuildFile; fileRef = 742A84F81DEBD1930058CB75 /* GONMarkupAnchor.m */; };
		742A85441DEBD1930058CB75 /* GONMarkupBlock.m in Sources */ = {isa = PBXBuildFile; fileRef = 742A84FA1DEBD1930058CB75 /* GONMarkupBlock.m */; };
		742A85451DEBD1930058CB75 /* GONMarkupBold.m in Sources */ = {isa = PBXBuildFile; fileRef = 742A84FC1DEBD1930058CB75 /* GONMarkupBold.m */; };
		742A85461DEBD1930058CB75 /* GONMarkupColor.m in Sources */ = {isa = PBXBuildFile; fileRef = 742A84FE1DEBD1930058CB75 /* GONMarkupColor.m */; };
		742A85471DEBD1930058CB75 /* GONMarkupDec.m in Sources */ = {isa = PBXBuildFile; fileRef = 742A85001DEBD1930058CB75 /* GONMarkupDec.m */; };
		742A85481DEBD1930058CB75 /* GONMarkupFont.m in Sources */ = {isa = PBXBuildFile; fileRef = 742A85031DEBD1930058CB75 /* GONMarkupFont.m */; };
		742A85491DEBD1930058CB75 /* GONMarkupFontTraits.m in Sources */ = {isa = PBXBuildFile; fileRef = 742A85051DEBD1930058CB75 /* GONMarkupFontTraits.m */; };
		742A854A1DEBD1930058CB75 /* GONMarkupImage.m in Sources */ = {isa = PBXBuildFile; fileRef = 742A85071DEBD1930058CB75 /* GONMarkupImage.m */; };
		742A854B1DEBD1930058CB75 /* GONMarkupInc.m in Sources */ = {isa = PBXBuildFile; fileRef = 742A85091DEBD1930058CB75 /* GONMarkupInc.m */; };
		742A854C1DEBD1930058CB75 /* GONMarkupItalic.m in Sources */ = {isa = PBXBuildFile; fileRef = 742A850B1DEBD1930058CB75 /* GONMarkupItalic.m */; };
		742A854D1DEBD1930058CB75 /* GONMarkupLineBreak.m in Sources */ = {isa = PBXBuildFile; fileRef = 742A850D1DEBD1930058CB75 /* GONMarkupLineBreak.m */; };
		742A854E1DEBD1930058CB75 /* GONMarkupLineStyle.m in Sources */ = {isa = PBXBuildFile; fileRef = 742A850F1DEBD1930058CB75 /* GONMarkupLineStyle.m */; };
		742A854F1DEBD1930058CB75 /* GONMarkupList.m in Sources */ = {isa = PBXBuildFile; fileRef = 742A85111DEBD1930058CB75 /* GONMarkupList.m */; };
		742A85501DEBD1930058CB75 /* GONMarkupListItem.m in Sources */ = {isa = PBXBuildFile; fileRef = 742A85131DEBD1930058CB75 /* GONMarkupListItem.m */; };
		742A85511DEBD1930058CB75 /* GONMarkupNamedColor.m in Sources */ = {isa = PBXBuildFile; fileRef = 742A85151DEBD1930058CB75 /* GONMarkupNamedColor.m */; };
		742A85521DEBD1930058CB75 /* GONMarkupNamedFont.m in Sources */ = {isa = PBXBuildFile; fileRef = 742A85171DEBD1930058CB75 /* GONMarkupNamedFont.m */; };
		742A85531DEBD1930058CB75 /* GONMarkupParagrap.m in Sources */ = {isa = PBXBuildFile; fileRef = 742A85191DEBD1930058CB75 /* GONMarkupParagrap.m */; };
		742A85541DEBD1930058CB75 /* GONMarkupParser.m in Sources */ = {isa = PBXBuildFile; fileRef = 742A851B1DEBD1930058CB75 /* GONMarkupParser.m */; };
		742A85551DEBD1930058CB75 /* GONMarkupParserManager.m in Sources */ = {isa = PBXBuildFile; fileRef = 742A851F1DEBD1930058CB75 /* GONMarkupParserManager.m */; };
		742A85561DEBD1930058CB75 /* GONMarkupParserUtils.m in Sources */ = {isa = PBXBuildFile; fileRef = 742A85211DEBD1930058CB75 /* GONMarkupParserUtils.m */; };
		742A85571DEBD1930058CB75 /* GONMarkupReset.m in Sources */ = {isa = PBXBuildFile; fileRef = 742A85231DEBD1930058CB75 /* GONMarkupReset.m */; };
		742A85581DEBD1930058CB75 /* GONMarkupSimple.m in Sources */ = {isa = PBXBuildFile; fileRef = 742A85251DEBD1930058CB75 /* GONMarkupSimple.m */; };
		742A85591DEBD1930058CB75 /* GONMarkupSpan.m in Sources */ = {isa = PBXBuildFile; fileRef = 742A85271DEBD1930058CB75 /* GONMarkupSpan.m */; };
		742A855A1DEBD1930058CB75 /* GONMarkupStrong.m in Sources */ = {isa = PBXBuildFile; fileRef = 742A85291DEBD1930058CB75 /* GONMarkupStrong.m */; };
		742A855B1DEBD1930058CB75 /* GONMarkupTextStyle.m in Sources */ = {isa = PBXBuildFile; fileRef = 742A852B1DEBD1930058CB75 /* GONMarkupTextStyle.m */; };
		742A855C1DEBD1930058CB75 /* LazyProperty.m in Sources */ = {isa = PBXBuildFile; fileRef = 742A852F1DEBD1930058CB75 /* LazyProperty.m */; };
		742A855D1DEBD1930058CB75 /* LICENSE in Resources */ = {isa = PBXBuildFile; fileRef = 742A85301DEBD1930058CB75 /* LICENSE */; };
		742A855E1DEBD1930058CB75 /* README.md in Sources */ = {isa = PBXBuildFile; fileRef = 742A85311DEBD1930058CB75 /* README.md */; };
		742A855F1DEBD1930058CB75 /* NSString+Color.m in Sources */ = {isa = PBXBuildFile; fileRef = 742A85351DEBD1930058CB75 /* NSString+Color.m */; };
		742A85601DEBD1930058CB75 /* LICENSE in Resources */ = {isa = PBXBuildFile; fileRef = 742A85361DEBD1930058CB75 /* LICENSE */; };
		742A85611DEBD1930058CB75 /* README.md in Sources */ = {isa = PBXBuildFile; fileRef = 742A85371DEBD1930058CB75 /* README.md */; };
		742A85621DEBD1930058CB75 /* UIButton+GONMarkupParser.m in Sources */ = {isa = PBXBuildFile; fileRef = 742A85391DEBD1930058CB75 /* UIButton+GONMarkupParser.m */; };
		742A85631DEBD1930058CB75 /* UILabel+GONMarkupParser.m in Sources */ = {isa = PBXBuildFile; fileRef = 742A853B1DEBD1930058CB75 /* UILabel+GONMarkupParser.m */; };
		742A85641DEBD1930058CB75 /* UITextField+GONMarkupParser.m in Sources */ = {isa = PBXBuildFile; fileRef = 742A853D1DEBD1930058CB75 /* UITextField+GONMarkupParser.m */; };
		742A85651DEBD1930058CB75 /* UITextView+GONMarkupParser.m in Sources */ = {isa = PBXBuildFile; fileRef = 742A853F1DEBD1930058CB75 /* UITextView+GONMarkupParser.m */; };
/* End PBXBuildFile section */

/* Begin PBXContainerItemProxy section */
		5CE27173195B11E0007FCF44 /* PBXContainerItemProxy */ = {
			isa = PBXContainerItemProxy;
			containerPortal = 5CE27145195B11E0007FCF44 /* Project object */;
			proxyType = 1;
			remoteGlobalIDString = 5CE2714C195B11E0007FCF44;
			remoteInfo = GONMarkupParserSample;
		};
/* End PBXContainerItemProxy section */

/* Begin PBXFileReference section */
		0B0BD421BD84A888C52787A4 /* Pods-GONMarkupParserSample.release.xcconfig */ = {isa = PBXFileReference; includeInIndex = 1; lastKnownFileType = text.xcconfig; name = "Pods-GONMarkupParserSample.release.xcconfig"; path = "Pods/Target Support Files/Pods-GONMarkupParserSample/Pods-GONMarkupParserSample.release.xcconfig"; sourceTree = "<group>"; };
		5C2E11E51B8A175F0065D29C /* CHANGELOG.md */ = {isa = PBXFileReference; lastKnownFileType = net.daringfireball.markdown; name = CHANGELOG.md; path = ../CHANGELOG.md; sourceTree = "<group>"; };
		5C404BCA1A1C9115007DCB2C /* DefaultConfigurationViewController.h */ = {isa = PBXFileReference; fileEncoding = 4; lastKnownFileType = sourcecode.c.h; path = DefaultConfigurationViewController.h; sourceTree = "<group>"; };
		5C404BCB1A1C9115007DCB2C /* DefaultConfigurationViewController.m */ = {isa = PBXFileReference; fileEncoding = 4; lastKnownFileType = sourcecode.c.objc; path = DefaultConfigurationViewController.m; sourceTree = "<group>"; };
		5C404BCF1A1C951F007DCB2C /* DefaultConfigurationViewController.xib */ = {isa = PBXFileReference; fileEncoding = 4; lastKnownFileType = file.xib; path = DefaultConfigurationViewController.xib; sourceTree = "<group>"; };
		5C4241B81C89995A00E5B289 /* lama.png */ = {isa = PBXFileReference; lastKnownFileType = image.png; path = lama.png; sourceTree = "<group>"; };
		5C65F3F01A112231005A76A3 /* samples.plist */ = {isa = PBXFileReference; fileEncoding = 4; lastKnownFileType = text.plist.xml; path = samples.plist; sourceTree = "<group>"; };
		5C65F3F21A112EBE005A76A3 /* MainWindow.xib */ = {isa = PBXFileReference; fileEncoding = 4; lastKnownFileType = file.xib; path = MainWindow.xib; sourceTree = "<group>"; };
		5C65F3F51A112F3A005A76A3 /* RootViewController.h */ = {isa = PBXFileReference; fileEncoding = 4; lastKnownFileType = sourcecode.c.h; path = RootViewController.h; sourceTree = "<group>"; };
		5C65F3F61A112F3A005A76A3 /* RootViewController.m */ = {isa = PBXFileReference; fileEncoding = 4; lastKnownFileType = sourcecode.c.objc; path = RootViewController.m; sourceTree = "<group>"; };
		5C65F3F71A112F3A005A76A3 /* RootViewController.xib */ = {isa = PBXFileReference; fileEncoding = 4; lastKnownFileType = file.xib; path = RootViewController.xib; sourceTree = "<group>"; };
		5C65F3FB1A1133F8005A76A3 /* SampleViewController.h */ = {isa = PBXFileReference; fileEncoding = 4; lastKnownFileType = sourcecode.c.h; path = SampleViewController.h; sourceTree = "<group>"; };
		5C65F3FC1A1133F8005A76A3 /* SampleViewController.m */ = {isa = PBXFileReference; fileEncoding = 4; lastKnownFileType = sourcecode.c.objc; path = SampleViewController.m; sourceTree = "<group>"; };
		5C65F3FD1A1133F8005A76A3 /* SampleViewController.xib */ = {isa = PBXFileReference; fileEncoding = 4; lastKnownFileType = file.xib; path = SampleViewController.xib; sourceTree = "<group>"; };
		5C65F4011A1139CD005A76A3 /* PlaygroundViewController.h */ = {isa = PBXFileReference; fileEncoding = 4; lastKnownFileType = sourcecode.c.h; path = PlaygroundViewController.h; sourceTree = "<group>"; };
		5C65F4021A1139CD005A76A3 /* PlaygroundViewController.m */ = {isa = PBXFileReference; fileEncoding = 4; lastKnownFileType = sourcecode.c.objc; path = PlaygroundViewController.m; sourceTree = "<group>"; };
		5C65F4031A1139CD005A76A3 /* PlaygroundViewController.xib */ = {isa = PBXFileReference; fileEncoding = 4; lastKnownFileType = file.xib; path = PlaygroundViewController.xib; sourceTree = "<group>"; };
		5C65F4091A11FDB2005A76A3 /* ComplexExampleViewController.h */ = {isa = PBXFileReference; fileEncoding = 4; lastKnownFileType = sourcecode.c.h; path = ComplexExampleViewController.h; sourceTree = "<group>"; };
		5C65F40A1A11FDB2005A76A3 /* ComplexExampleViewController.m */ = {isa = PBXFileReference; fileEncoding = 4; lastKnownFileType = sourcecode.c.objc; path = ComplexExampleViewController.m; sourceTree = "<group>"; };
		5C65F40C1A11FFFE005A76A3 /* ComplexExampleViewController.xib */ = {isa = PBXFileReference; fileEncoding = 4; lastKnownFileType = file.xib; path = ComplexExampleViewController.xib; sourceTree = "<group>"; };
		5CB1C57E195B19C400590186 /* ResultViewController.h */ = {isa = PBXFileReference; fileEncoding = 4; lastKnownFileType = sourcecode.c.h; path = ResultViewController.h; sourceTree = "<group>"; };
		5CB1C57F195B19C400590186 /* ResultViewController.m */ = {isa = PBXFileReference; fileEncoding = 4; lastKnownFileType = sourcecode.c.objc; path = ResultViewController.m; sourceTree = "<group>"; };
		5CB1C5A7195B3B7400590186 /* ComplexExample */ = {isa = PBXFileReference; fileEncoding = 4; lastKnownFileType = text; path = ComplexExample; sourceTree = "<group>"; };
		5CBDC0A0195C334D007279A0 /* README.md */ = {isa = PBXFileReference; lastKnownFileType = text; name = README.md; path = ../README.md; sourceTree = "<group>"; };
		5CBDC0A1195C3356007279A0 /* GONMarkupParser.podspec */ = {isa = PBXFileReference; lastKnownFileType = text; name = GONMarkupParser.podspec; path = ../GONMarkupParser.podspec; sourceTree = "<group>"; };
		5CD617E819828B2E0001C3D9 /* CoreText.framework */ = {isa = PBXFileReference; lastKnownFileType = wrapper.framework; name = CoreText.framework; path = System/Library/Frameworks/CoreText.framework; sourceTree = SDKROOT; };
		5CE2714D195B11E0007FCF44 /* GONMarkupParserSample.app */ = {isa = PBXFileReference; explicitFileType = wrapper.application; includeInIndex = 0; path = GONMarkupParserSample.app; sourceTree = BUILT_PRODUCTS_DIR; };
		5CE27150195B11E0007FCF44 /* Foundation.framework */ = {isa = PBXFileReference; lastKnownFileType = wrapper.framework; name = Foundation.framework; path = System/Library/Frameworks/Foundation.framework; sourceTree = SDKROOT; };
		5CE27152195B11E0007FCF44 /* CoreGraphics.framework */ = {isa = PBXFileReference; lastKnownFileType = wrapper.framework; name = CoreGraphics.framework; path = System/Library/Frameworks/CoreGraphics.framework; sourceTree = SDKROOT; };
		5CE27154195B11E0007FCF44 /* UIKit.framework */ = {isa = PBXFileReference; lastKnownFileType = wrapper.framework; name = UIKit.framework; path = System/Library/Frameworks/UIKit.framework; sourceTree = SDKROOT; };
		5CE27158195B11E0007FCF44 /* GONMarkupParserSample-Info.plist */ = {isa = PBXFileReference; lastKnownFileType = text.plist.xml; path = "GONMarkupParserSample-Info.plist"; sourceTree = "<group>"; };
		5CE2715A195B11E0007FCF44 /* en */ = {isa = PBXFileReference; lastKnownFileType = text.plist.strings; name = en; path = en.lproj/InfoPlist.strings; sourceTree = "<group>"; };
		5CE2715C195B11E0007FCF44 /* main.m */ = {isa = PBXFileReference; lastKnownFileType = sourcecode.c.objc; path = main.m; sourceTree = "<group>"; };
		5CE2715E195B11E0007FCF44 /* GONMarkupParserSample-Prefix.pch */ = {isa = PBXFileReference; lastKnownFileType = sourcecode.c.h; path = "GONMarkupParserSample-Prefix.pch"; sourceTree = "<group>"; };
		5CE2715F195B11E0007FCF44 /* AppDelegate.h */ = {isa = PBXFileReference; lastKnownFileType = sourcecode.c.h; path = AppDelegate.h; sourceTree = "<group>"; };
		5CE27160195B11E0007FCF44 /* AppDelegate.m */ = {isa = PBXFileReference; lastKnownFileType = sourcecode.c.objc; path = AppDelegate.m; sourceTree = "<group>"; };
		5CE27168195B11E0007FCF44 /* Images.xcassets */ = {isa = PBXFileReference; lastKnownFileType = folder.assetcatalog; path = Images.xcassets; sourceTree = "<group>"; };
		5CE2716E195B11E0007FCF44 /* GONMarkupParserSampleTests.xctest */ = {isa = PBXFileReference; explicitFileType = wrapper.cfbundle; includeInIndex = 0; path = GONMarkupParserSampleTests.xctest; sourceTree = BUILT_PRODUCTS_DIR; };
		5CE2716F195B11E0007FCF44 /* XCTest.framework */ = {isa = PBXFileReference; lastKnownFileType = wrapper.framework; name = XCTest.framework; path = Library/Frameworks/XCTest.framework; sourceTree = DEVELOPER_DIR; };
		5CE27177195B11E0007FCF44 /* GONMarkupParserSampleTests-Info.plist */ = {isa = PBXFileReference; lastKnownFileType = text.plist.xml; path = "GONMarkupParserSampleTests-Info.plist"; sourceTree = "<group>"; };
		5CE27179195B11E0007FCF44 /* en */ = {isa = PBXFileReference; lastKnownFileType = text.plist.strings; name = en; path = en.lproj/InfoPlist.strings; sourceTree = "<group>"; };
		5CE2717B195B11E0007FCF44 /* GONMarkupParserSampleTests.m */ = {isa = PBXFileReference; lastKnownFileType = sourcecode.c.objc; path = GONMarkupParserSampleTests.m; sourceTree = "<group>"; };
		5CE2718A195B12E6007FCF44 /* PodFile */ = {isa = PBXFileReference; fileEncoding = 4; lastKnownFileType = text; name = PodFile; path = ../PodFile; sourceTree = "<group>"; xcLanguageSpecificationIdentifier = xcode.lang.ruby; };
		742A84F11DEBD1930058CB75 /* GONMarkup+Private.h */ = {isa = PBXFileReference; fileEncoding = 4; lastKnownFileType = sourcecode.c.h; path = "GONMarkup+Private.h"; sourceTree = "<group>"; };
		742A84F21DEBD1930058CB75 /* GONMarkup+Private.m */ = {isa = PBXFileReference; fileEncoding = 4; lastKnownFileType = sourcecode.c.objc; path = "GONMarkup+Private.m"; sourceTree = "<group>"; };
		742A84F31DEBD1930058CB75 /* GONMarkup.h */ = {isa = PBXFileReference; fileEncoding = 4; lastKnownFileType = sourcecode.c.h; path = GONMarkup.h; sourceTree = "<group>"; };
		742A84F41DEBD1930058CB75 /* GONMarkup.m */ = {isa = PBXFileReference; fileEncoding = 4; lastKnownFileType = sourcecode.c.objc; path = GONMarkup.m; sourceTree = "<group>"; };
		742A84F51DEBD1930058CB75 /* GONMarkupAlignment.h */ = {isa = PBXFileReference; fileEncoding = 4; lastKnownFileType = sourcecode.c.h; path = GONMarkupAlignment.h; sourceTree = "<group>"; };
		742A84F61DEBD1930058CB75 /* GONMarkupAlignment.m */ = {isa = PBXFileReference; fileEncoding = 4; lastKnownFileType = sourcecode.c.objc; path = GONMarkupAlignment.m; sourceTree = "<group>"; };
		742A84F71DEBD1930058CB75 /* GONMarkupAnchor.h */ = {isa = PBXFileReference; fileEncoding = 4; lastKnownFileType = sourcecode.c.h; path = GONMarkupAnchor.h; sourceTree = "<group>"; };
		742A84F81DEBD1930058CB75 /* GONMarkupAnchor.m */ = {isa = PBXFileReference; fileEncoding = 4; lastKnownFileType = sourcecode.c.objc; path = GONMarkupAnchor.m; sourceTree = "<group>"; };
		742A84F91DEBD1930058CB75 /* GONMarkupBlock.h */ = {isa = PBXFileReference; fileEncoding = 4; lastKnownFileType = sourcecode.c.h; path = GONMarkupBlock.h; sourceTree = "<group>"; };
		742A84FA1DEBD1930058CB75 /* GONMarkupBlock.m */ = {isa = PBXFileReference; fileEncoding = 4; lastKnownFileType = sourcecode.c.objc; path = GONMarkupBlock.m; sourceTree = "<group>"; };
		742A84FB1DEBD1930058CB75 /* GONMarkupBold.h */ = {isa = PBXFileReference; fileEncoding = 4; lastKnownFileType = sourcecode.c.h; path = GONMarkupBold.h; sourceTree = "<group>"; };
		742A84FC1DEBD1930058CB75 /* GONMarkupBold.m */ = {isa = PBXFileReference; fileEncoding = 4; lastKnownFileType = sourcecode.c.objc; path = GONMarkupBold.m; sourceTree = "<group>"; };
		742A84FD1DEBD1930058CB75 /* GONMarkupColor.h */ = {isa = PBXFileReference; fileEncoding = 4; lastKnownFileType = sourcecode.c.h; path = GONMarkupColor.h; sourceTree = "<group>"; };
		742A84FE1DEBD1930058CB75 /* GONMarkupColor.m */ = {isa = PBXFileReference; fileEncoding = 4; lastKnownFileType = sourcecode.c.objc; path = GONMarkupColor.m; sourceTree = "<group>"; };
		742A84FF1DEBD1930058CB75 /* GONMarkupDec.h */ = {isa = PBXFileReference; fileEncoding = 4; lastKnownFileType = sourcecode.c.h; path = GONMarkupDec.h; sourceTree = "<group>"; };
		742A85001DEBD1930058CB75 /* GONMarkupDec.m */ = {isa = PBXFileReference; fileEncoding = 4; lastKnownFileType = sourcecode.c.objc; path = GONMarkupDec.m; sourceTree = "<group>"; };
		742A85011DEBD1930058CB75 /* GONMarkupDefaultMarkups.h */ = {isa = PBXFileReference; fileEncoding = 4; lastKnownFileType = sourcecode.c.h; path = GONMarkupDefaultMarkups.h; sourceTree = "<group>"; };
		742A85021DEBD1930058CB75 /* GONMarkupFont.h */ = {isa = PBXFileReference; fileEncoding = 4; lastKnownFileType = sourcecode.c.h; path = GONMarkupFont.h; sourceTree = "<group>"; };
		742A85031DEBD1930058CB75 /* GONMarkupFont.m */ = {isa = PBXFileReference; fileEncoding = 4; lastKnownFileType = sourcecode.c.objc; path = GONMarkupFont.m; sourceTree = "<group>"; };
		742A85041DEBD1930058CB75 /* GONMarkupFontTraits.h */ = {isa = PBXFileReference; fileEncoding = 4; lastKnownFileType = sourcecode.c.h; path = GONMarkupFontTraits.h; sourceTree = "<group>"; };
		742A85051DEBD1930058CB75 /* GONMarkupFontTraits.m */ = {isa = PBXFileReference; fileEncoding = 4; lastKnownFileType = sourcecode.c.objc; path = GONMarkupFontTraits.m; sourceTree = "<group>"; };
		742A85061DEBD1930058CB75 /* GONMarkupImage.h */ = {isa = PBXFileReference; fileEncoding = 4; lastKnownFileType = sourcecode.c.h; path = GONMarkupImage.h; sourceTree = "<group>"; };
		742A85071DEBD1930058CB75 /* GONMarkupImage.m */ = {isa = PBXFileReference; fileEncoding = 4; lastKnownFileType = sourcecode.c.objc; path = GONMarkupImage.m; sourceTree = "<group>"; };
		742A85081DEBD1930058CB75 /* GONMarkupInc.h */ = {isa = PBXFileReference; fileEncoding = 4; lastKnownFileType = sourcecode.c.h; path = GONMarkupInc.h; sourceTree = "<group>"; };
		742A85091DEBD1930058CB75 /* GONMarkupInc.m */ = {isa = PBXFileReference; fileEncoding = 4; lastKnownFileType = sourcecode.c.objc; path = GONMarkupInc.m; sourceTree = "<group>"; };
		742A850A1DEBD1930058CB75 /* GONMarkupItalic.h */ = {isa = PBXFileReference; fileEncoding = 4; lastKnownFileType = sourcecode.c.h; path = GONMarkupItalic.h; sourceTree = "<group>"; };
		742A850B1DEBD1930058CB75 /* GONMarkupItalic.m */ = {isa = PBXFileReference; fileEncoding = 4; lastKnownFileType = sourcecode.c.objc; path = GONMarkupItalic.m; sourceTree = "<group>"; };
		742A850C1DEBD1930058CB75 /* GONMarkupLineBreak.h */ = {isa = PBXFileReference; fileEncoding = 4; lastKnownFileType = sourcecode.c.h; path = GONMarkupLineBreak.h; sourceTree = "<group>"; };
		742A850D1DEBD1930058CB75 /* GONMarkupLineBreak.m */ = {isa = PBXFileReference; fileEncoding = 4; lastKnownFileType = sourcecode.c.objc; path = GONMarkupLineBreak.m; sourceTree = "<group>"; };
		742A850E1DEBD1930058CB75 /* GONMarkupLineStyle.h */ = {isa = PBXFileReference; fileEncoding = 4; lastKnownFileType = sourcecode.c.h; path = GONMarkupLineStyle.h; sourceTree = "<group>"; };
		742A850F1DEBD1930058CB75 /* GONMarkupLineStyle.m */ = {isa = PBXFileReference; fileEncoding = 4; lastKnownFileType = sourcecode.c.objc; path = GONMarkupLineStyle.m; sourceTree = "<group>"; };
		742A85101DEBD1930058CB75 /* GONMarkupList.h */ = {isa = PBXFileReference; fileEncoding = 4; lastKnownFileType = sourcecode.c.h; path = GONMarkupList.h; sourceTree = "<group>"; };
		742A85111DEBD1930058CB75 /* GONMarkupList.m */ = {isa = PBXFileReference; fileEncoding = 4; lastKnownFileType = sourcecode.c.objc; path = GONMarkupList.m; sourceTree = "<group>"; };
		742A85121DEBD1930058CB75 /* GONMarkupListItem.h */ = {isa = PBXFileReference; fileEncoding = 4; lastKnownFileType = sourcecode.c.h; path = GONMarkupListItem.h; sourceTree = "<group>"; };
		742A85131DEBD1930058CB75 /* GONMarkupListItem.m */ = {isa = PBXFileReference; fileEncoding = 4; lastKnownFileType = sourcecode.c.objc; path = GONMarkupListItem.m; sourceTree = "<group>"; };
		742A85141DEBD1930058CB75 /* GONMarkupNamedColor.h */ = {isa = PBXFileReference; fileEncoding = 4; lastKnownFileType = sourcecode.c.h; path = GONMarkupNamedColor.h; sourceTree = "<group>"; };
		742A85151DEBD1930058CB75 /* GONMarkupNamedColor.m */ = {isa = PBXFileReference; fileEncoding = 4; lastKnownFileType = sourcecode.c.objc; path = GONMarkupNamedColor.m; sourceTree = "<group>"; };
		742A85161DEBD1930058CB75 /* GONMarkupNamedFont.h */ = {isa = PBXFileReference; fileEncoding = 4; lastKnownFileType = sourcecode.c.h; path = GONMarkupNamedFont.h; sourceTree = "<group>"; };
		742A85171DEBD1930058CB75 /* GONMarkupNamedFont.m */ = {isa = PBXFileReference; fileEncoding = 4; lastKnownFileType = sourcecode.c.objc; path = GONMarkupNamedFont.m; sourceTree = "<group>"; };
		742A85181DEBD1930058CB75 /* GONMarkupParagrap.h */ = {isa = PBXFileReference; fileEncoding = 4; lastKnownFileType = sourcecode.c.h; path = GONMarkupParagrap.h; sourceTree = "<group>"; };
		742A85191DEBD1930058CB75 /* GONMarkupParagrap.m */ = {isa = PBXFileReference; fileEncoding = 4; lastKnownFileType = sourcecode.c.objc; path = GONMarkupParagrap.m; sourceTree = "<group>"; };
		742A851A1DEBD1930058CB75 /* GONMarkupParser.h */ = {isa = PBXFileReference; fileEncoding = 4; lastKnownFileType = sourcecode.c.h; path = GONMarkupParser.h; sourceTree = "<group>"; };
		742A851B1DEBD1930058CB75 /* GONMarkupParser.m */ = {isa = PBXFileReference; fileEncoding = 4; lastKnownFileType = sourcecode.c.objc; path = GONMarkupParser.m; sourceTree = "<group>"; };
		742A851C1DEBD1930058CB75 /* GONMarkupParser_All.h */ = {isa = PBXFileReference; fileEncoding = 4; lastKnownFileType = sourcecode.c.h; path = GONMarkupParser_All.h; sourceTree = "<group>"; };
		742A851D1DEBD1930058CB75 /* GONMarkupParser_Categories.h */ = {isa = PBXFileReference; fileEncoding = 4; lastKnownFileType = sourcecode.c.h; path = GONMarkupParser_Categories.h; sourceTree = "<group>"; };
		742A851E1DEBD1930058CB75 /* GONMarkupParserManager.h */ = {isa = PBXFileReference; fileEncoding = 4; lastKnownFileType = sourcecode.c.h; path = GONMarkupParserManager.h; sourceTree = "<group>"; };
		742A851F1DEBD1930058CB75 /* GONMarkupParserManager.m */ = {isa = PBXFileReference; fileEncoding = 4; lastKnownFileType = sourcecode.c.objc; path = GONMarkupParserManager.m; sourceTree = "<group>"; };
		742A85201DEBD1930058CB75 /* GONMarkupParserUtils.h */ = {isa = PBXFileReference; fileEncoding = 4; lastKnownFileType = sourcecode.c.h; path = GONMarkupParserUtils.h; sourceTree = "<group>"; };
		742A85211DEBD1930058CB75 /* GONMarkupParserUtils.m */ = {isa = PBXFileReference; fileEncoding = 4; lastKnownFileType = sourcecode.c.objc; path = GONMarkupParserUtils.m; sourceTree = "<group>"; };
		742A85221DEBD1930058CB75 /* GONMarkupReset.h */ = {isa = PBXFileReference; fileEncoding = 4; lastKnownFileType = sourcecode.c.h; path = GONMarkupReset.h; sourceTree = "<group>"; };
		742A85231DEBD1930058CB75 /* GONMarkupReset.m */ = {isa = PBXFileReference; fileEncoding = 4; lastKnownFileType = sourcecode.c.objc; path = GONMarkupReset.m; sourceTree = "<group>"; };
		742A85241DEBD1930058CB75 /* GONMarkupSimple.h */ = {isa = PBXFileReference; fileEncoding = 4; lastKnownFileType = sourcecode.c.h; path = GONMarkupSimple.h; sourceTree = "<group>"; };
		742A85251DEBD1930058CB75 /* GONMarkupSimple.m */ = {isa = PBXFileReference; fileEncoding = 4; lastKnownFileType = sourcecode.c.objc; path = GONMarkupSimple.m; sourceTree = "<group>"; };
		742A85261DEBD1930058CB75 /* GONMarkupSpan.h */ = {isa = PBXFileReference; fileEncoding = 4; lastKnownFileType = sourcecode.c.h; path = GONMarkupSpan.h; sourceTree = "<group>"; };
		742A85271DEBD1930058CB75 /* GONMarkupSpan.m */ = {isa = PBXFileReference; fileEncoding = 4; lastKnownFileType = sourcecode.c.objc; path = GONMarkupSpan.m; sourceTree = "<group>"; };
		742A85281DEBD1930058CB75 /* GONMarkupStrong.h */ = {isa = PBXFileReference; fileEncoding = 4; lastKnownFileType = sourcecode.c.h; path = GONMarkupStrong.h; sourceTree = "<group>"; };
		742A85291DEBD1930058CB75 /* GONMarkupStrong.m */ = {isa = PBXFileReference; fileEncoding = 4; lastKnownFileType = sourcecode.c.objc; path = GONMarkupStrong.m; sourceTree = "<group>"; };
		742A852A1DEBD1930058CB75 /* GONMarkupTextStyle.h */ = {isa = PBXFileReference; fileEncoding = 4; lastKnownFileType = sourcecode.c.h; path = GONMarkupTextStyle.h; sourceTree = "<group>"; };
		742A852B1DEBD1930058CB75 /* GONMarkupTextStyle.m */ = {isa = PBXFileReference; fileEncoding = 4; lastKnownFileType = sourcecode.c.objc; path = GONMarkupTextStyle.m; sourceTree = "<group>"; };
		742A852E1DEBD1930058CB75 /* LazyProperty.h */ = {isa = PBXFileReference; fileEncoding = 4; lastKnownFileType = sourcecode.c.h; path = LazyProperty.h; sourceTree = "<group>"; };
		742A852F1DEBD1930058CB75 /* LazyProperty.m */ = {isa = PBXFileReference; fileEncoding = 4; lastKnownFileType = sourcecode.c.objc; path = LazyProperty.m; sourceTree = "<group>"; };
		742A85301DEBD1930058CB75 /* LICENSE */ = {isa = PBXFileReference; fileEncoding = 4; lastKnownFileType = text; path = LICENSE; sourceTree = "<group>"; };
		742A85311DEBD1930058CB75 /* README.md */ = {isa = PBXFileReference; fileEncoding = 4; lastKnownFileType = net.daringfireball.markdown; path = README.md; sourceTree = "<group>"; };
		742A85341DEBD1930058CB75 /* NSString+Color.h */ = {isa = PBXFileReference; fileEncoding = 4; lastKnownFileType = sourcecode.c.h; path = "NSString+Color.h"; sourceTree = "<group>"; };
		742A85351DEBD1930058CB75 /* NSString+Color.m */ = {isa = PBXFileReference; fileEncoding = 4; lastKnownFileType = sourcecode.c.objc; path = "NSString+Color.m"; sourceTree = "<group>"; };
		742A85361DEBD1930058CB75 /* LICENSE */ = {isa = PBXFileReference; fileEncoding = 4; lastKnownFileType = text; path = LICENSE; sourceTree = "<group>"; };
		742A85371DEBD1930058CB75 /* README.md */ = {isa = PBXFileReference; fileEncoding = 4; lastKnownFileType = net.daringfireball.markdown; path = README.md; sourceTree = "<group>"; };
		742A85381DEBD1930058CB75 /* UIButton+GONMarkupParser.h */ = {isa = PBXFileReference; fileEncoding = 4; lastKnownFileType = sourcecode.c.h; path = "UIButton+GONMarkupParser.h"; sourceTree = "<group>"; };
		742A85391DEBD1930058CB75 /* UIButton+GONMarkupParser.m */ = {isa = PBXFileReference; fileEncoding = 4; lastKnownFileType = sourcecode.c.objc; path = "UIButton+GONMarkupParser.m"; sourceTree = "<group>"; };
		742A853A1DEBD1930058CB75 /* UILabel+GONMarkupParser.h */ = {isa = PBXFileReference; fileEncoding = 4; lastKnownFileType = sourcecode.c.h; path = "UILabel+GONMarkupParser.h"; sourceTree = "<group>"; };
		742A853B1DEBD1930058CB75 /* UILabel+GONMarkupParser.m */ = {isa = PBXFileReference; fileEncoding = 4; lastKnownFileType = sourcecode.c.objc; path = "UILabel+GONMarkupParser.m"; sourceTree = "<group>"; };
		742A853C1DEBD1930058CB75 /* UITextField+GONMarkupParser.h */ = {isa = PBXFileReference; fileEncoding = 4; lastKnownFileType = sourcecode.c.h; path = "UITextField+GONMarkupParser.h"; sourceTree = "<group>"; };
		742A853D1DEBD1930058CB75 /* UITextField+GONMarkupParser.m */ = {isa = PBXFileReference; fileEncoding = 4; lastKnownFileType = sourcecode.c.objc; path = "UITextField+GONMarkupParser.m"; sourceTree = "<group>"; };
		742A853E1DEBD1930058CB75 /* UITextView+GONMarkupParser.h */ = {isa = PBXFileReference; fileEncoding = 4; lastKnownFileType = sourcecode.c.h; path = "UITextView+GONMarkupParser.h"; sourceTree = "<group>"; };
		742A853F1DEBD1930058CB75 /* UITextView+GONMarkupParser.m */ = {isa = PBXFileReference; fileEncoding = 4; lastKnownFileType = sourcecode.c.objc; path = "UITextView+GONMarkupParser.m"; sourceTree = "<group>"; };
		7430B6361D93A085005D873A /* libPods-GONMarkupParserSample.a */ = {isa = PBXFileReference; lastKnownFileType = archive.ar; name = "libPods-GONMarkupParserSample.a"; path = "Pods/../build/Debug-iphoneos/libPods-GONMarkupParserSample.a"; sourceTree = "<group>"; };
		9017F85482273017D0D00581 /* Pods-GONMarkupParserSample.debug.xcconfig */ = {isa = PBXFileReference; includeInIndex = 1; lastKnownFileType = text.xcconfig; name = "Pods-GONMarkupParserSample.debug.xcconfig"; path = "Pods/Target Support Files/Pods-GONMarkupParserSample/Pods-GONMarkupParserSample.debug.xcconfig"; sourceTree = "<group>"; };
		F7C1214976BA74367A8836F5 /* libPods-GONMarkupParserSample.a */ = {isa = PBXFileReference; explicitFileType = archive.ar; includeInIndex = 0; path = "libPods-GONMarkupParserSample.a"; sourceTree = BUILT_PRODUCTS_DIR; };
/* End PBXFileReference section */

/* Begin PBXFrameworksBuildPhase section */
		5CE2714A195B11E0007FCF44 /* Frameworks */ = {
			isa = PBXFrameworksBuildPhase;
			buildActionMask = 2147483647;
			files = (
				5CD617E919828B2E0001C3D9 /* CoreText.framework in Frameworks */,
				5CE27153195B11E0007FCF44 /* CoreGraphics.framework in Frameworks */,
				5CE27155195B11E0007FCF44 /* UIKit.framework in Frameworks */,
				5CE27151195B11E0007FCF44 /* Foundation.framework in Frameworks */,
				20D4794D9188D8884B561540 /* libPods-GONMarkupParserSample.a in Frameworks */,
			);
			runOnlyForDeploymentPostprocessing = 0;
		};
		5CE2716B195B11E0007FCF44 /* Frameworks */ = {
			isa = PBXFrameworksBuildPhase;
			buildActionMask = 2147483647;
			files = (
				5CE27170195B11E0007FCF44 /* XCTest.framework in Frameworks */,
				5CE27172195B11E0007FCF44 /* UIKit.framework in Frameworks */,
				5CE27171195B11E0007FCF44 /* Foundation.framework in Frameworks */,
			);
			runOnlyForDeploymentPostprocessing = 0;
		};
/* End PBXFrameworksBuildPhase section */

/* Begin PBXGroup section */
		5C404BC91A1C90E0007DCB2C /* DefaultConfiguration */ = {
			isa = PBXGroup;
			children = (
				5C404BCA1A1C9115007DCB2C /* DefaultConfigurationViewController.h */,
				5C404BCB1A1C9115007DCB2C /* DefaultConfigurationViewController.m */,
				5C404BCF1A1C951F007DCB2C /* DefaultConfigurationViewController.xib */,
			);
			name = DefaultConfiguration;
			sourceTree = "<group>";
		};
		5C65F3F41A112F1E005A76A3 /* Root */ = {
			isa = PBXGroup;
			children = (
				5C65F3F51A112F3A005A76A3 /* RootViewController.h */,
				5C65F3F61A112F3A005A76A3 /* RootViewController.m */,
				5C65F3F71A112F3A005A76A3 /* RootViewController.xib */,
			);
			name = Root;
			sourceTree = "<group>";
		};
		5C65F3FA1A1133E6005A76A3 /* Sample */ = {
			isa = PBXGroup;
			children = (
				5C65F3FB1A1133F8005A76A3 /* SampleViewController.h */,
				5C65F3FC1A1133F8005A76A3 /* SampleViewController.m */,
				5C65F3FD1A1133F8005A76A3 /* SampleViewController.xib */,
			);
			name = Sample;
			sourceTree = "<group>";
		};
		5C65F4001A1139B5005A76A3 /* Playground */ = {
			isa = PBXGroup;
			children = (
				5C65F4011A1139CD005A76A3 /* PlaygroundViewController.h */,
				5C65F4021A1139CD005A76A3 /* PlaygroundViewController.m */,
				5C65F4031A1139CD005A76A3 /* PlaygroundViewController.xib */,
			);
			name = Playground;
			sourceTree = "<group>";
		};
		5C65F4081A11FD87005A76A3 /* ComplexExample */ = {
			isa = PBXGroup;
			children = (
				5C65F4091A11FDB2005A76A3 /* ComplexExampleViewController.h */,
				5C65F40A1A11FDB2005A76A3 /* ComplexExampleViewController.m */,
				5C65F40C1A11FFFE005A76A3 /* ComplexExampleViewController.xib */,
			);
			name = ComplexExample;
			sourceTree = "<group>";
		};
		5CB1C581195B19C800590186 /* Result */ = {
			isa = PBXGroup;
			children = (
				5CB1C57E195B19C400590186 /* ResultViewController.h */,
				5CB1C57F195B19C400590186 /* ResultViewController.m */,
			);
			name = Result;
			sourceTree = "<group>";
		};
		5CE27144195B11E0007FCF44 = {
			isa = PBXGroup;
			children = (
				5C2E11E51B8A175F0065D29C /* CHANGELOG.md */,
				5CBDC0A0195C334D007279A0 /* README.md */,
				5CBDC0A1195C3356007279A0 /* GONMarkupParser.podspec */,
				5CE27156195B11E0007FCF44 /* GONMarkupParserSample */,
				5CE27175195B11E0007FCF44 /* GONMarkupParserSampleTests */,
				5CE2714F195B11E0007FCF44 /* Frameworks */,
				5CE2714E195B11E0007FCF44 /* Products */,
				E73AD18BFDA49339B870F44C /* Pods */,
			);
			sourceTree = "<group>";
		};
		5CE2714E195B11E0007FCF44 /* Products */ = {
			isa = PBXGroup;
			children = (
				5CE2714D195B11E0007FCF44 /* GONMarkupParserSample.app */,
				5CE2716E195B11E0007FCF44 /* GONMarkupParserSampleTests.xctest */,
			);
			name = Products;
			sourceTree = "<group>";
		};
		5CE2714F195B11E0007FCF44 /* Frameworks */ = {
			isa = PBXGroup;
			children = (
				7430B6361D93A085005D873A /* libPods-GONMarkupParserSample.a */,
				5CD617E819828B2E0001C3D9 /* CoreText.framework */,
				5CE27150195B11E0007FCF44 /* Foundation.framework */,
				5CE27152195B11E0007FCF44 /* CoreGraphics.framework */,
				5CE27154195B11E0007FCF44 /* UIKit.framework */,
				5CE2716F195B11E0007FCF44 /* XCTest.framework */,
				F7C1214976BA74367A8836F5 /* libPods-GONMarkupParserSample.a */,
			);
			name = Frameworks;
			sourceTree = "<group>";
		};
		5CE27156195B11E0007FCF44 /* GONMarkupParserSample */ = {
			isa = PBXGroup;
			children = (
				742A84F01DEBD1930058CB75 /* Classes */,
				5CE27186195B123A007FCF44 /* Sample */,
				5CE27187195B1241007FCF44 /* Resources */,
				5CE27157195B11E0007FCF44 /* Supporting Files */,
			);
			path = GONMarkupParserSample;
			sourceTree = "<group>";
		};
		5CE27157195B11E0007FCF44 /* Supporting Files */ = {
			isa = PBXGroup;
			children = (
				5CE27158195B11E0007FCF44 /* GONMarkupParserSample-Info.plist */,
				5CE27159195B11E0007FCF44 /* InfoPlist.strings */,
				5CE2715C195B11E0007FCF44 /* main.m */,
				5CE2715E195B11E0007FCF44 /* GONMarkupParserSample-Prefix.pch */,
				5C65F3F21A112EBE005A76A3 /* MainWindow.xib */,
			);
			name = "Supporting Files";
			sourceTree = "<group>";
		};
		5CE27175195B11E0007FCF44 /* GONMarkupParserSampleTests */ = {
			isa = PBXGroup;
			children = (
				5CE2717B195B11E0007FCF44 /* GONMarkupParserSampleTests.m */,
				5CE27176195B11E0007FCF44 /* Supporting Files */,
			);
			path = GONMarkupParserSampleTests;
			sourceTree = "<group>";
		};
		5CE27176195B11E0007FCF44 /* Supporting Files */ = {
			isa = PBXGroup;
			children = (
				5CE27177195B11E0007FCF44 /* GONMarkupParserSampleTests-Info.plist */,
				5CE27178195B11E0007FCF44 /* InfoPlist.strings */,
			);
			name = "Supporting Files";
			sourceTree = "<group>";
		};
		5CE27186195B123A007FCF44 /* Sample */ = {
			isa = PBXGroup;
			children = (
				5CE2715F195B11E0007FCF44 /* AppDelegate.h */,
				5CE27160195B11E0007FCF44 /* AppDelegate.m */,
				5CE27188195B126A007FCF44 /* ViewControllers */,
			);
			name = Sample;
			sourceTree = "<group>";
		};
		5CE27187195B1241007FCF44 /* Resources */ = {
			isa = PBXGroup;
			children = (
				5C4241B81C89995A00E5B289 /* lama.png */,
				5CE27168195B11E0007FCF44 /* Images.xcassets */,
				5CE2718A195B12E6007FCF44 /* PodFile */,
				5C65F3F01A112231005A76A3 /* samples.plist */,
				5CB1C5A7195B3B7400590186 /* ComplexExample */,
			);
			name = Resources;
			sourceTree = "<group>";
		};
		5CE27188195B126A007FCF44 /* ViewControllers */ = {
			isa = PBXGroup;
			children = (
				5C65F4081A11FD87005A76A3 /* ComplexExample */,
				5C404BC91A1C90E0007DCB2C /* DefaultConfiguration */,
				5C65F4001A1139B5005A76A3 /* Playground */,
				5CB1C581195B19C800590186 /* Result */,
				5C65F3F41A112F1E005A76A3 /* Root */,
				5C65F3FA1A1133E6005A76A3 /* Sample */,
			);
			name = ViewControllers;
			sourceTree = "<group>";
		};
		742A84F01DEBD1930058CB75 /* Classes */ = {
			isa = PBXGroup;
			children = (
				742A84F11DEBD1930058CB75 /* GONMarkup+Private.h */,
				742A84F21DEBD1930058CB75 /* GONMarkup+Private.m */,
				742A84F31DEBD1930058CB75 /* GONMarkup.h */,
				742A84F41DEBD1930058CB75 /* GONMarkup.m */,
				742A84F51DEBD1930058CB75 /* GONMarkupAlignment.h */,
				742A84F61DEBD1930058CB75 /* GONMarkupAlignment.m */,
				742A84F71DEBD1930058CB75 /* GONMarkupAnchor.h */,
				742A84F81DEBD1930058CB75 /* GONMarkupAnchor.m */,
				742A84F91DEBD1930058CB75 /* GONMarkupBlock.h */,
				742A84FA1DEBD1930058CB75 /* GONMarkupBlock.m */,
				742A84FB1DEBD1930058CB75 /* GONMarkupBold.h */,
				742A84FC1DEBD1930058CB75 /* GONMarkupBold.m */,
				742A84FD1DEBD1930058CB75 /* GONMarkupColor.h */,
				742A84FE1DEBD1930058CB75 /* GONMarkupColor.m */,
				742A84FF1DEBD1930058CB75 /* GONMarkupDec.h */,
				742A85001DEBD1930058CB75 /* GONMarkupDec.m */,
				742A85011DEBD1930058CB75 /* GONMarkupDefaultMarkups.h */,
				742A85021DEBD1930058CB75 /* GONMarkupFont.h */,
				742A85031DEBD1930058CB75 /* GONMarkupFont.m */,
				742A85041DEBD1930058CB75 /* GONMarkupFontTraits.h */,
				742A85051DEBD1930058CB75 /* GONMarkupFontTraits.m */,
				742A85061DEBD1930058CB75 /* GONMarkupImage.h */,
				742A85071DEBD1930058CB75 /* GONMarkupImage.m */,
				742A85081DEBD1930058CB75 /* GONMarkupInc.h */,
				742A85091DEBD1930058CB75 /* GONMarkupInc.m */,
				742A850A1DEBD1930058CB75 /* GONMarkupItalic.h */,
				742A850B1DEBD1930058CB75 /* GONMarkupItalic.m */,
				742A850C1DEBD1930058CB75 /* GONMarkupLineBreak.h */,
				742A850D1DEBD1930058CB75 /* GONMarkupLineBreak.m */,
				742A850E1DEBD1930058CB75 /* GONMarkupLineStyle.h */,
				742A850F1DEBD1930058CB75 /* GONMarkupLineStyle.m */,
				742A85101DEBD1930058CB75 /* GONMarkupList.h */,
				742A85111DEBD1930058CB75 /* GONMarkupList.m */,
				742A85121DEBD1930058CB75 /* GONMarkupListItem.h */,
				742A85131DEBD1930058CB75 /* GONMarkupListItem.m */,
				742A85141DEBD1930058CB75 /* GONMarkupNamedColor.h */,
				742A85151DEBD1930058CB75 /* GONMarkupNamedColor.m */,
				742A85161DEBD1930058CB75 /* GONMarkupNamedFont.h */,
				742A85171DEBD1930058CB75 /* GONMarkupNamedFont.m */,
				742A85181DEBD1930058CB75 /* GONMarkupParagrap.h */,
				742A85191DEBD1930058CB75 /* GONMarkupParagrap.m */,
				742A851A1DEBD1930058CB75 /* GONMarkupParser.h */,
				742A851B1DEBD1930058CB75 /* GONMarkupParser.m */,
				742A851C1DEBD1930058CB75 /* GONMarkupParser_All.h */,
				742A851D1DEBD1930058CB75 /* GONMarkupParser_Categories.h */,
				742A851E1DEBD1930058CB75 /* GONMarkupParserManager.h */,
				742A851F1DEBD1930058CB75 /* GONMarkupParserManager.m */,
				742A85201DEBD1930058CB75 /* GONMarkupParserUtils.h */,
				742A85211DEBD1930058CB75 /* GONMarkupParserUtils.m */,
				742A85221DEBD1930058CB75 /* GONMarkupReset.h */,
				742A85231DEBD1930058CB75 /* GONMarkupReset.m */,
				742A85241DEBD1930058CB75 /* GONMarkupSimple.h */,
				742A85251DEBD1930058CB75 /* GONMarkupSimple.m */,
				742A85261DEBD1930058CB75 /* GONMarkupSpan.h */,
				742A85271DEBD1930058CB75 /* GONMarkupSpan.m */,
				742A85281DEBD1930058CB75 /* GONMarkupStrong.h */,
				742A85291DEBD1930058CB75 /* GONMarkupStrong.m */,
				742A852A1DEBD1930058CB75 /* GONMarkupTextStyle.h */,
				742A852B1DEBD1930058CB75 /* GONMarkupTextStyle.m */,
				742A852C1DEBD1930058CB75 /* LazyProperty */,
				742A85321DEBD1930058CB75 /* NSString+Color */,
				742A85381DEBD1930058CB75 /* UIButton+GONMarkupParser.h */,
				742A85391DEBD1930058CB75 /* UIButton+GONMarkupParser.m */,
				742A853A1DEBD1930058CB75 /* UILabel+GONMarkupParser.h */,
				742A853B1DEBD1930058CB75 /* UILabel+GONMarkupParser.m */,
				742A853C1DEBD1930058CB75 /* UITextField+GONMarkupParser.h */,
				742A853D1DEBD1930058CB75 /* UITextField+GONMarkupParser.m */,
				742A853E1DEBD1930058CB75 /* UITextView+GONMarkupParser.h */,
				742A853F1DEBD1930058CB75 /* UITextView+GONMarkupParser.m */,
			);
			path = Classes;
			sourceTree = "<group>";
		};
		742A852C1DEBD1930058CB75 /* LazyProperty */ = {
			isa = PBXGroup;
			children = (
				742A852D1DEBD1930058CB75 /* Classes */,
				742A85301DEBD1930058CB75 /* LICENSE */,
				742A85311DEBD1930058CB75 /* README.md */,
			);
			path = LazyProperty;
			sourceTree = "<group>";
		};
		742A852D1DEBD1930058CB75 /* Classes */ = {
			isa = PBXGroup;
			children = (
				742A852E1DEBD1930058CB75 /* LazyProperty.h */,
				742A852F1DEBD1930058CB75 /* LazyProperty.m */,
			);
			path = Classes;
			sourceTree = "<group>";
		};
		742A85321DEBD1930058CB75 /* NSString+Color */ = {
			isa = PBXGroup;
			children = (
				742A85331DEBD1930058CB75 /* Classes */,
				742A85361DEBD1930058CB75 /* LICENSE */,
				742A85371DEBD1930058CB75 /* README.md */,
			);
			path = "NSString+Color";
			sourceTree = "<group>";
		};
		742A85331DEBD1930058CB75 /* Classes */ = {
			isa = PBXGroup;
			children = (
				742A85341DEBD1930058CB75 /* NSString+Color.h */,
				742A85351DEBD1930058CB75 /* NSString+Color.m */,
			);
			path = Classes;
			sourceTree = "<group>";
		};
		E73AD18BFDA49339B870F44C /* Pods */ = {
			isa = PBXGroup;
			children = (
				9017F85482273017D0D00581 /* Pods-GONMarkupParserSample.debug.xcconfig */,
				0B0BD421BD84A888C52787A4 /* Pods-GONMarkupParserSample.release.xcconfig */,
			);
			name = Pods;
			sourceTree = "<group>";
		};
/* End PBXGroup section */

/* Begin PBXNativeTarget section */
		5CE2714C195B11E0007FCF44 /* GONMarkupParserSample */ = {
			isa = PBXNativeTarget;
			buildConfigurationList = 5CE2717F195B11E0007FCF44 /* Build configuration list for PBXNativeTarget "GONMarkupParserSample" */;
			buildPhases = (
				DD6CF384E25163FAE1B99800 /* [CP] Check Pods Manifest.lock */,
				5CE27149195B11E0007FCF44 /* Sources */,
				5CE2714A195B11E0007FCF44 /* Frameworks */,
				5CE2714B195B11E0007FCF44 /* Resources */,
				CC766C0F98AE1019BAE24EB0 /* [CP] Embed Pods Frameworks */,
				547C486F590E04558DF7AFB2 /* [CP] Copy Pods Resources */,
			);
			buildRules = (
			);
			dependencies = (
			);
			name = GONMarkupParserSample;
			productName = GONMarkupParserSample;
			productReference = 5CE2714D195B11E0007FCF44 /* GONMarkupParserSample.app */;
			productType = "com.apple.product-type.application";
		};
		5CE2716D195B11E0007FCF44 /* GONMarkupParserSampleTests */ = {
			isa = PBXNativeTarget;
			buildConfigurationList = 5CE27182195B11E0007FCF44 /* Build configuration list for PBXNativeTarget "GONMarkupParserSampleTests" */;
			buildPhases = (
				5CE2716A195B11E0007FCF44 /* Sources */,
				5CE2716B195B11E0007FCF44 /* Frameworks */,
				5CE2716C195B11E0007FCF44 /* Resources */,
			);
			buildRules = (
			);
			dependencies = (
				5CE27174195B11E0007FCF44 /* PBXTargetDependency */,
			);
			name = GONMarkupParserSampleTests;
			productName = GONMarkupParserSampleTests;
			productReference = 5CE2716E195B11E0007FCF44 /* GONMarkupParserSampleTests.xctest */;
			productType = "com.apple.product-type.bundle.unit-test";
		};
/* End PBXNativeTarget section */

/* Begin PBXProject section */
		5CE27145195B11E0007FCF44 /* Project object */ = {
			isa = PBXProject;
			attributes = {
				LastUpgradeCheck = 0730;
				ORGANIZATIONNAME = "Nicolas Goutaland";
				TargetAttributes = {
					5CE2714C195B11E0007FCF44 = {
						DevelopmentTeam = WPR8JVVW9L;
					};
					5CE2716D195B11E0007FCF44 = {
						TestTargetID = 5CE2714C195B11E0007FCF44;
					};
				};
			};
			buildConfigurationList = 5CE27148195B11E0007FCF44 /* Build configuration list for PBXProject "GONMarkupParserSample" */;
			compatibilityVersion = "Xcode 3.2";
			developmentRegion = English;
			hasScannedForEncodings = 0;
			knownRegions = (
				en,
				Base,
			);
			mainGroup = 5CE27144195B11E0007FCF44;
			productRefGroup = 5CE2714E195B11E0007FCF44 /* Products */;
			projectDirPath = "";
			projectRoot = "";
			targets = (
				5CE2714C195B11E0007FCF44 /* GONMarkupParserSample */,
				5CE2716D195B11E0007FCF44 /* GONMarkupParserSampleTests */,
			);
		};
/* End PBXProject section */

/* Begin PBXResourcesBuildPhase section */
		5CE2714B195B11E0007FCF44 /* Resources */ = {
			isa = PBXResourcesBuildPhase;
			buildActionMask = 2147483647;
			files = (
				5CE27169195B11E0007FCF44 /* Images.xcassets in Resources */,
				5C65F4051A1139CD005A76A3 /* PlaygroundViewController.xib in Resources */,
				742A855D1DEBD1930058CB75 /* LICENSE in Resources */,
				5C4241B91C89995A00E5B289 /* lama.png in Resources */,
				5CB1C5A8195B3B7400590186 /* ComplexExample in Resources */,
				5C65F3FF1A1133F8005A76A3 /* SampleViewController.xib in Resources */,
				5C65F3F31A112EBE005A76A3 /* MainWindow.xib in Resources */,
				5CE2715B195B11E0007FCF44 /* InfoPlist.strings in Resources */,
				5C65F3F91A112F3A005A76A3 /* RootViewController.xib in Resources */,
				5C404BD01A1C951F007DCB2C /* DefaultConfigurationViewController.xib in Resources */,
				742A85601DEBD1930058CB75 /* LICENSE in Resources */,
				5C65F40D1A11FFFE005A76A3 /* ComplexExampleViewController.xib in Resources */,
				5C65F3F11A112231005A76A3 /* samples.plist in Resources */,
			);
			runOnlyForDeploymentPostprocessing = 0;
		};
		5CE2716C195B11E0007FCF44 /* Resources */ = {
			isa = PBXResourcesBuildPhase;
			buildActionMask = 2147483647;
			files = (
				5CE2717A195B11E0007FCF44 /* InfoPlist.strings in Resources */,
				5CB1C5A9195B3B7400590186 /* ComplexExample in Resources */,
			);
			runOnlyForDeploymentPostprocessing = 0;
		};
/* End PBXResourcesBuildPhase section */

/* Begin PBXShellScriptBuildPhase section */
		547C486F590E04558DF7AFB2 /* [CP] Copy Pods Resources */ = {
			isa = PBXShellScriptBuildPhase;
			buildActionMask = 2147483647;
			files = (
			);
			inputPaths = (
			);
			name = "[CP] Copy Pods Resources";
			outputPaths = (
			);
			runOnlyForDeploymentPostprocessing = 0;
			shellPath = /bin/sh;
			shellScript = "\"${SRCROOT}/Pods/Target Support Files/Pods-GONMarkupParserSample/Pods-GONMarkupParserSample-resources.sh\"\n";
			showEnvVarsInLog = 0;
		};
		CC766C0F98AE1019BAE24EB0 /* [CP] Embed Pods Frameworks */ = {
			isa = PBXShellScriptBuildPhase;
			buildActionMask = 2147483647;
			files = (
			);
			inputPaths = (
			);
			name = "[CP] Embed Pods Frameworks";
			outputPaths = (
			);
			runOnlyForDeploymentPostprocessing = 0;
			shellPath = /bin/sh;
			shellScript = "\"${SRCROOT}/Pods/Target Support Files/Pods-GONMarkupParserSample/Pods-GONMarkupParserSample-frameworks.sh\"\n";
			showEnvVarsInLog = 0;
		};
		DD6CF384E25163FAE1B99800 /* [CP] Check Pods Manifest.lock */ = {
			isa = PBXShellScriptBuildPhase;
			buildActionMask = 2147483647;
			files = (
			);
			inputPaths = (
			);
			name = "[CP] Check Pods Manifest.lock";
			outputPaths = (
			);
			runOnlyForDeploymentPostprocessing = 0;
			shellPath = /bin/sh;
			shellScript = "diff \"${PODS_ROOT}/../Podfile.lock\" \"${PODS_ROOT}/Manifest.lock\" > /dev/null\nif [ $? != 0 ] ; then\n    # print error to STDERR\n    echo \"error: The sandbox is not in sync with the Podfile.lock. Run 'pod install' or update your CocoaPods installation.\" >&2\n    exit 1\nfi\n";
			showEnvVarsInLog = 0;
		};
/* End PBXShellScriptBuildPhase section */

/* Begin PBXSourcesBuildPhase section */
		5CE27149195B11E0007FCF44 /* Sources */ = {
			isa = PBXSourcesBuildPhase;
			buildActionMask = 2147483647;
			files = (
				742A85511DEBD1930058CB75 /* GONMarkupNamedColor.m in Sources */,
				5C65F4041A1139CD005A76A3 /* PlaygroundViewController.m in Sources */,
				742A85571DEBD1930058CB75 /* GONMarkupReset.m in Sources */,
				742A85481DEBD1930058CB75 /* GONMarkupFont.m in Sources */,
				742A855C1DEBD1930058CB75 /* LazyProperty.m in Sources */,
				742A854F1DEBD1930058CB75 /* GONMarkupList.m in Sources */,
				742A855B1DEBD1930058CB75 /* GONMarkupTextStyle.m in Sources */,
				5C404BCC1A1C9115007DCB2C /* DefaultConfigurationViewController.m in Sources */,
				742A85441DEBD1930058CB75 /* GONMarkupBlock.m in Sources */,
				742A85451DEBD1930058CB75 /* GONMarkupBold.m in Sources */,
				742A85521DEBD1930058CB75 /* GONMarkupNamedFont.m in Sources */,
				742A85411DEBD1930058CB75 /* GONMarkup.m in Sources */,
				742A85621DEBD1930058CB75 /* UIButton+GONMarkupParser.m in Sources */,
				742A85491DEBD1930058CB75 /* GONMarkupFontTraits.m in Sources */,
				5C65F40B1A11FDB2005A76A3 /* ComplexExampleViewController.m in Sources */,
				742A85551DEBD1930058CB75 /* GONMarkupParserManager.m in Sources */,
				5C65F3F81A112F3A005A76A3 /* RootViewController.m in Sources */,
				742A85651DEBD1930058CB75 /* UITextView+GONMarkupParser.m in Sources */,
				742A85461DEBD1930058CB75 /* GONMarkupColor.m in Sources */,
				742A854C1DEBD1930058CB75 /* GONMarkupItalic.m in Sources */,
				742A855A1DEBD1930058CB75 /* GONMarkupStrong.m in Sources */,
				742A85421DEBD1930058CB75 /* GONMarkupAlignment.m in Sources */,
				742A85471DEBD1930058CB75 /* GONMarkupDec.m in Sources */,
				742A85631DEBD1930058CB75 /* UILabel+GONMarkupParser.m in Sources */,
				742A85531DEBD1930058CB75 /* GONMarkupParagrap.m in Sources */,
				742A85611DEBD1930058CB75 /* README.md in Sources */,
				742A85561DEBD1930058CB75 /* GONMarkupParserUtils.m in Sources */,
				742A854A1DEBD1930058CB75 /* GONMarkupImage.m in Sources */,
				5CE27161195B11E0007FCF44 /* AppDelegate.m in Sources */,
				742A85581DEBD1930058CB75 /* GONMarkupSimple.m in Sources */,
				742A855F1DEBD1930058CB75 /* NSString+Color.m in Sources */,
				742A854E1DEBD1930058CB75 /* GONMarkupLineStyle.m in Sources */,
				742A85431DEBD1930058CB75 /* GONMarkupAnchor.m in Sources */,
				742A85501DEBD1930058CB75 /* GONMarkupListItem.m in Sources */,
				742A85641DEBD1930058CB75 /* UITextField+GONMarkupParser.m in Sources */,
				742A854B1DEBD1930058CB75 /* GONMarkupInc.m in Sources */,
				742A85541DEBD1930058CB75 /* GONMarkupParser.m in Sources */,
				5CE2715D195B11E0007FCF44 /* main.m in Sources */,
				742A855E1DEBD1930058CB75 /* README.md in Sources */,
				742A854D1DEBD1930058CB75 /* GONMarkupLineBreak.m in Sources */,
				742A85401DEBD1930058CB75 /* GONMarkup+Private.m in Sources */,
				5CB1C580195B19C400590186 /* ResultViewController.m in Sources */,
				742A85591DEBD1930058CB75 /* GONMarkupSpan.m in Sources */,
				5C65F3FE1A1133F8005A76A3 /* SampleViewController.m in Sources */,
			);
			runOnlyForDeploymentPostprocessing = 0;
		};
		5CE2716A195B11E0007FCF44 /* Sources */ = {
			isa = PBXSourcesBuildPhase;
			buildActionMask = 2147483647;
			files = (
				5CE2717C195B11E0007FCF44 /* GONMarkupParserSampleTests.m in Sources */,
				5CB1C591195B250A00590186 /* AppDelegate.m in Sources */,
				5CB1C593195B250A00590186 /* ResultViewController.m in Sources */,
				5CB1C594195B250A00590186 /* main.m in Sources */,
			);
			runOnlyForDeploymentPostprocessing = 0;
		};
/* End PBXSourcesBuildPhase section */

/* Begin PBXTargetDependency section */
		5CE27174195B11E0007FCF44 /* PBXTargetDependency */ = {
			isa = PBXTargetDependency;
			target = 5CE2714C195B11E0007FCF44 /* GONMarkupParserSample */;
			targetProxy = 5CE27173195B11E0007FCF44 /* PBXContainerItemProxy */;
		};
/* End PBXTargetDependency section */

/* Begin PBXVariantGroup section */
		5CE27159195B11E0007FCF44 /* InfoPlist.strings */ = {
			isa = PBXVariantGroup;
			children = (
				5CE2715A195B11E0007FCF44 /* en */,
			);
			name = InfoPlist.strings;
			sourceTree = "<group>";
		};
		5CE27178195B11E0007FCF44 /* InfoPlist.strings */ = {
			isa = PBXVariantGroup;
			children = (
				5CE27179195B11E0007FCF44 /* en */,
			);
			name = InfoPlist.strings;
			sourceTree = "<group>";
		};
/* End PBXVariantGroup section */

/* Begin XCBuildConfiguration section */
		5CE2717D195B11E0007FCF44 /* Debug */ = {
			isa = XCBuildConfiguration;
			buildSettings = {
				ALWAYS_SEARCH_USER_PATHS = NO;
				CLANG_CXX_LANGUAGE_STANDARD = "gnu++0x";
				CLANG_CXX_LIBRARY = "libc++";
				CLANG_ENABLE_MODULES = YES;
				CLANG_ENABLE_OBJC_ARC = YES;
				CLANG_WARN_BOOL_CONVERSION = YES;
				CLANG_WARN_CONSTANT_CONVERSION = YES;
				CLANG_WARN_DIRECT_OBJC_ISA_USAGE = YES_ERROR;
				CLANG_WARN_EMPTY_BODY = YES;
				CLANG_WARN_ENUM_CONVERSION = YES;
				CLANG_WARN_INT_CONVERSION = YES;
				CLANG_WARN_OBJC_ROOT_CLASS = YES_ERROR;
				CLANG_WARN__DUPLICATE_METHOD_MATCH = YES;
				"CODE_SIGN_IDENTITY[sdk=iphoneos*]" = "iPhone Developer";
				COPY_PHASE_STRIP = NO;
				ENABLE_TESTABILITY = YES;
				GCC_C_LANGUAGE_STANDARD = gnu99;
				GCC_DYNAMIC_NO_PIC = NO;
				GCC_OPTIMIZATION_LEVEL = 0;
				GCC_PREPROCESSOR_DEFINITIONS = (
					"DEBUG=1",
					"$(inherited)",
				);
				GCC_SYMBOLS_PRIVATE_EXTERN = NO;
				GCC_WARN_64_TO_32_BIT_CONVERSION = YES;
				GCC_WARN_ABOUT_RETURN_TYPE = YES_ERROR;
				GCC_WARN_UNDECLARED_SELECTOR = YES;
				GCC_WARN_UNINITIALIZED_AUTOS = YES_AGGRESSIVE;
				GCC_WARN_UNUSED_FUNCTION = YES;
				GCC_WARN_UNUSED_VARIABLE = YES;
				IPHONEOS_DEPLOYMENT_TARGET = 7.0;
				ONLY_ACTIVE_ARCH = YES;
				SDKROOT = iphoneos;
			};
			name = Debug;
		};
		5CE2717E195B11E0007FCF44 /* Release */ = {
			isa = XCBuildConfiguration;
			buildSettings = {
				ALWAYS_SEARCH_USER_PATHS = NO;
				CLANG_CXX_LANGUAGE_STANDARD = "gnu++0x";
				CLANG_CXX_LIBRARY = "libc++";
				CLANG_ENABLE_MODULES = YES;
				CLANG_ENABLE_OBJC_ARC = YES;
				CLANG_WARN_BOOL_CONVERSION = YES;
				CLANG_WARN_CONSTANT_CONVERSION = YES;
				CLANG_WARN_DIRECT_OBJC_ISA_USAGE = YES_ERROR;
				CLANG_WARN_EMPTY_BODY = YES;
				CLANG_WARN_ENUM_CONVERSION = YES;
				CLANG_WARN_INT_CONVERSION = YES;
				CLANG_WARN_OBJC_ROOT_CLASS = YES_ERROR;
				CLANG_WARN__DUPLICATE_METHOD_MATCH = YES;
				"CODE_SIGN_IDENTITY[sdk=iphoneos*]" = "iPhone Developer";
				COPY_PHASE_STRIP = YES;
				ENABLE_NS_ASSERTIONS = NO;
				GCC_C_LANGUAGE_STANDARD = gnu99;
				GCC_WARN_64_TO_32_BIT_CONVERSION = YES;
				GCC_WARN_ABOUT_RETURN_TYPE = YES_ERROR;
				GCC_WARN_UNDECLARED_SELECTOR = YES;
				GCC_WARN_UNINITIALIZED_AUTOS = YES_AGGRESSIVE;
				GCC_WARN_UNUSED_FUNCTION = YES;
				GCC_WARN_UNUSED_VARIABLE = YES;
				IPHONEOS_DEPLOYMENT_TARGET = 7.0;
				SDKROOT = iphoneos;
				VALIDATE_PRODUCT = YES;
			};
			name = Release;
		};
		5CE27180195B11E0007FCF44 /* Debug */ = {
			isa = XCBuildConfiguration;
			baseConfigurationReference = 9017F85482273017D0D00581 /* Pods-GONMarkupParserSample.debug.xcconfig */;
			buildSettings = {
				ASSETCATALOG_COMPILER_APPICON_NAME = AppIcon;
				ASSETCATALOG_COMPILER_LAUNCHIMAGE_NAME = LaunchImage;
				DEVELOPMENT_TEAM = WPR8JVVW9L;
				FRAMEWORK_SEARCH_PATHS = (
					"$(inherited)",
					"$(PROJECT_DIR)",
				);
				GCC_PRECOMPILE_PREFIX_HEADER = YES;
				GCC_PREFIX_HEADER = "GONMarkupParserSample/GONMarkupParserSample-Prefix.pch";
				INFOPLIST_FILE = "GONMarkupParserSample/GONMarkupParserSample-Info.plist";
				IPHONEOS_DEPLOYMENT_TARGET = 7.0;
				LIBRARY_SEARCH_PATHS = (
					"$(inherited)",
					"$(PROJECT_DIR)/build/Debug-iphoneos",
				);
				PRODUCT_BUNDLE_IDENTIFIER = com.xiabob.GONMarkupParserSample;
				PRODUCT_NAME = "$(TARGET_NAME)";
				WRAPPER_EXTENSION = app;
			};
			name = Debug;
		};
		5CE27181195B11E0007FCF44 /* Release */ = {
			isa = XCBuildConfiguration;
			baseConfigurationReference = 0B0BD421BD84A888C52787A4 /* Pods-GONMarkupParserSample.release.xcconfig */;
			buildSettings = {
				ASSETCATALOG_COMPILER_APPICON_NAME = AppIcon;
				ASSETCATALOG_COMPILER_LAUNCHIMAGE_NAME = LaunchImage;
				DEVELOPMENT_TEAM = WPR8JVVW9L;
				FRAMEWORK_SEARCH_PATHS = (
					"$(inherited)",
					"$(PROJECT_DIR)",
				);
				GCC_PRECOMPILE_PREFIX_HEADER = YES;
				GCC_PREFIX_HEADER = "GONMarkupParserSample/GONMarkupParserSample-Prefix.pch";
				INFOPLIST_FILE = "GONMarkupParserSample/GONMarkupParserSample-Info.plist";
				IPHONEOS_DEPLOYMENT_TARGET = 7.0;
				LIBRARY_SEARCH_PATHS = (
					"$(inherited)",
					"$(PROJECT_DIR)/build/Debug-iphoneos",
				);
				PRODUCT_BUNDLE_IDENTIFIER = com.xiabob.GONMarkupParserSample;
				PRODUCT_NAME = "$(TARGET_NAME)";
				WRAPPER_EXTENSION = app;
			};
			name = Release;
		};
		5CE27183195B11E0007FCF44 /* Debug */ = {
			isa = XCBuildConfiguration;
			buildSettings = {
				BUNDLE_LOADER = "$(BUILT_PRODUCTS_DIR)/GONMarkupParserSample.app/GONMarkupParserSample";
				FRAMEWORK_SEARCH_PATHS = (
					"$(SDKROOT)/Developer/Library/Frameworks",
					"$(inherited)",
					"$(DEVELOPER_FRAMEWORKS_DIR)",
				);
				GCC_PRECOMPILE_PREFIX_HEADER = YES;
				GCC_PREFIX_HEADER = "GONMarkupParserSample/GONMarkupParserSample-Prefix.pch";
				GCC_PREPROCESSOR_DEFINITIONS = (
					"DEBUG=1",
					"$(inherited)",
				);
				INFOPLIST_FILE = "GONMarkupParserSampleTests/GONMarkupParserSampleTests-Info.plist";
				PRODUCT_BUNDLE_IDENTIFIER = "com.nicolasgoutaland.${PRODUCT_NAME:rfc1034identifier}";
				PRODUCT_NAME = "$(TARGET_NAME)";
				TEST_HOST = "$(BUNDLE_LOADER)";
				WRAPPER_EXTENSION = xctest;
			};
			name = Debug;
		};
		5CE27184195B11E0007FCF44 /* Release */ = {
			isa = XCBuildConfiguration;
			buildSettings = {
				BUNDLE_LOADER = "$(BUILT_PRODUCTS_DIR)/GONMarkupParserSample.app/GONMarkupParserSample";
				FRAMEWORK_SEARCH_PATHS = (
					"$(SDKROOT)/Developer/Library/Frameworks",
					"$(inherited)",
					"$(DEVELOPER_FRAMEWORKS_DIR)",
				);
				GCC_PRECOMPILE_PREFIX_HEADER = YES;
				GCC_PREFIX_HEADER = "GONMarkupParserSample/GONMarkupParserSample-Prefix.pch";
				INFOPLIST_FILE = "GONMarkupParserSampleTests/GONMarkupParserSampleTests-Info.plist";
				PRODUCT_BUNDLE_IDENTIFIER = "com.nicolasgoutaland.${PRODUCT_NAME:rfc1034identifier}";
				PRODUCT_NAME = "$(TARGET_NAME)";
				TEST_HOST = "$(BUNDLE_LOADER)";
				WRAPPER_EXTENSION = xctest;
			};
			name = Release;
		};
/* End XCBuildConfiguration section */

/* Begin XCConfigurationList section */
		5CE27148195B11E0007FCF44 /* Build configuration list for PBXProject "GONMarkupParserSample" */ = {
			isa = XCConfigurationList;
			buildConfigurations = (
				5CE2717D195B11E0007FCF44 /* Debug */,
				5CE2717E195B11E0007FCF44 /* Release */,
			);
			defaultConfigurationIsVisible = 0;
			defaultConfigurationName = Release;
		};
		5CE2717F195B11E0007FCF44 /* Build configuration list for PBXNativeTarget "GONMarkupParserSample" */ = {
			isa = XCConfigurationList;
			buildConfigurations = (
				5CE27180195B11E0007FCF44 /* Debug */,
				5CE27181195B11E0007FCF44 /* Release */,
			);
			defaultConfigurationIsVisible = 0;
			defaultConfigurationName = Release;
		};
		5CE27182195B11E0007FCF44 /* Build configuration list for PBXNativeTarget "GONMarkupParserSampleTests" */ = {
			isa = XCConfigurationList;
			buildConfigurations = (
				5CE27183195B11E0007FCF44 /* Debug */,
				5CE27184195B11E0007FCF44 /* Release */,
			);
			defaultConfigurationIsVisible = 0;
			defaultConfigurationName = Release;
		};
/* End XCConfigurationList section */
	};
	rootObject = 5CE27145195B11E0007FCF44 /* Project object */;
}
